
Microsoft Visual Studio Solution File, Format Version 12.00
# Visual Studio Version 17
VisualStudioVersion = 17.2.32616.157
MinimumVisualStudioVersion = 10.0.40219.1
Project("{8BC9CEB8-8B4A-11D0-8D11-00A0C91BC942}") = "6_PruebaDLL", "6_PruebaDLL.vcxproj", "{BD24784B-E13E-43B6-ACCD-9755B2A78AE1}"
	ProjectSection(ProjectDependencies) = postProject
		{3B91E00D-689D-40E6-845B-97701A27D77A} = {3B91E00D-689D-40E6-845B-97701A27D77A}
	EndProjectSection
EndProject
Project("{8BC9CEB8-8B4A-11D0-8D11-00A0C91BC942}") = "6_Dll", "..\6_Dll\6_Dll.vcxproj", "{3B91E00D-689D-40E6-845B-97701A27D77A}"
EndProject
Global
	GlobalSection(SolutionConfigurationPlatforms) = preSolution
		Debug|x64 = Debug|x64
		Debug|x86 = Debug|x86
		Release|x64 = Release|x64
		Release|x86 = Release|x86
	EndGlobalSection
	GlobalSection(ProjectConfigurationPlatforms) = postSolution
		{BD24784B-E13E-43B6-ACCD-9755B2A78AE1}.Debug|x64.ActiveCfg = Debug|x64
		{BD24784B-E13E-43B6-ACCD-9755B2A78AE1}.Debug|x64.Build.0 = Debug|x64
		{BD24784B-E13E-43B6-ACCD-9755B2A78AE1}.Debug|x86.ActiveCfg = Debug|Win32
		{BD24784B-E13E-43B6-ACCD-9755B2A78AE1}.Debug|x86.Build.0 = Debug|Win32
		{BD24784B-E13E-43B6-ACCD-9755B2A78AE1}.Release|x64.ActiveCfg = Release|x64
		{BD24784B-E13E-43B6-ACCD-9755B2A78AE1}.Release|x64.Build.0 = Release|x64
		{BD24784B-E13E-43B6-ACCD-9755B2A78AE1}.Release|x86.ActiveCfg = Release|Win32
		{BD24784B-E13E-43B6-ACCD-9755B2A78AE1}.Release|x86.Build.0 = Release|Win32
		{3B91E00D-689D-40E6-845B-97701A27D77A}.Debug|x64.ActiveCfg = Debug|x64
		{3B91E00D-689D-40E6-845B-97701A27D77A}.Debug|x64.Build.0 = Debug|x64
		{3B91E00D-689D-40E6-845B-97701A27D77A}.Debug|x86.ActiveCfg = Debug|Win32
		{3B91E00D-689D-40E6-845B-97701A27D77A}.Debug|x86.Build.0 = Debug|Win32
		{3B91E00D-689D-40E6-845B-97701A27D77A}.Release|x64.ActiveCfg = Release|x64
		{3B91E00D-689D-40E6-845B-97701A27D77A}.Release|x64.Build.0 = Release|x64
		{3B91E00D-689D-40E6-845B-97701A27D77A}.Release|x86.ActiveCfg = Release|Win32
		{3B91E00D-689D-40E6-845B-97701A27D77A}.Release|x86.Build.0 = Release|Win32
	EndGlobalSection
	GlobalSection(SolutionProperties) = preSolution
		HideSolutionNode = FALSE
	EndGlobalSection
	GlobalSection(ExtensibilityGlobals) = postSolution
		SolutionGuid = {DCE08D8C-A2A6-4D3A-A896-542E5D41B007}
	EndGlobalSection
EndGlobal
